// !$*UTF8*$!
{
	archiveVersion = 1;
	classes = {
	};
	objectVersion = 48;
	objects = {

/* Begin PBXBuildFile section */
		1023C88A1F92281F00F4E141 /* AppDelegate.swift in Sources */ = {isa = PBXBuildFile; fileRef = 1023C8891F92281F00F4E141 /* AppDelegate.swift */; };
		1023C88C1F92281F00F4E141 /* ViewController.swift in Sources */ = {isa = PBXBuildFile; fileRef = 1023C88B1F92281F00F4E141 /* ViewController.swift */; };
		1023C88F1F92281F00F4E141 /* Main.storyboard in Resources */ = {isa = PBXBuildFile; fileRef = 1023C88D1F92281F00F4E141 /* Main.storyboard */; };
		1023C8911F92281F00F4E141 /* Assets.xcassets in Resources */ = {isa = PBXBuildFile; fileRef = 1023C8901F92281F00F4E141 /* Assets.xcassets */; };
		1023C8941F92281F00F4E141 /* LaunchScreen.storyboard in Resources */ = {isa = PBXBuildFile; fileRef = 1023C8921F92281F00F4E141 /* LaunchScreen.storyboard */; };
		1023C89C1F922B5300F4E141 /* Jenga.swift in Sources */ = {isa = PBXBuildFile; fileRef = 1023C89B1F922B5300F4E141 /* Jenga.swift */; };
/* End PBXBuildFile section */

/* Begin PBXFileReference section */
		1023C8861F92281F00F4E141 /* Jenga.app */ = {isa = PBXFileReference; explicitFileType = wrapper.application; includeInIndex = 0; path = Jenga.app; sourceTree = BUILT_PRODUCTS_DIR; };
		1023C8891F92281F00F4E141 /* AppDelegate.swift */ = {isa = PBXFileReference; lastKnownFileType = sourcecode.swift; path = AppDelegate.swift; sourceTree = "<group>"; };
		1023C88B1F92281F00F4E141 /* ViewController.swift */ = {isa = PBXFileReference; lastKnownFileType = sourcecode.swift; path = ViewController.swift; sourceTree = "<group>"; };
		1023C88E1F92281F00F4E141 /* Base */ = {isa = PBXFileReference; lastKnownFileType = file.storyboard; name = Base; path = Base.lproj/Main.storyboard; sourceTree = "<group>"; };
		1023C8901F92281F00F4E141 /* Assets.xcassets */ = {isa = PBXFileReference; lastKnownFileType = folder.assetcatalog; path = Assets.xcassets; sourceTree = "<group>"; };
		1023C8931F92281F00F4E141 /* Base */ = {isa = PBXFileReference; lastKnownFileType = file.storyboard; name = Base; path = Base.lproj/LaunchScreen.storyboard; sourceTree = "<group>"; };
		1023C8951F92281F00F4E141 /* Info.plist */ = {isa = PBXFileReference; lastKnownFileType = text.plist.xml; path = Info.plist; sourceTree = "<group>"; };
		1023C89B1F922B5300F4E141 /* Jenga.swift */ = {isa = PBXFileReference; lastKnownFileType = sourcecode.swift; path = Jenga.swift; sourceTree = "<group>"; };
/* End PBXFileReference section */

/* Begin PBXFrameworksBuildPhase section */
		1023C8831F92281F00F4E141 /* Frameworks */ = {
			isa = PBXFrameworksBuildPhase;
			buildActionMask = 2147483647;
			files = (
			);
			runOnlyForDeploymentPostprocessing = 0;
		};
/* End PBXFrameworksBuildPhase section */

/* Begin PBXGroup section */
		1023C87D1F92281F00F4E141 = {
			isa = PBXGroup;
			children = (
				1023C8881F92281F00F4E141 /* Jenga */,
				1023C8871F92281F00F4E141 /* Products */,
			);
			sourceTree = "<group>";
		};
		1023C8871F92281F00F4E141 /* Products */ = {
			isa = PBXGroup;
			children = (
				1023C8861F92281F00F4E141 /* Jenga.app */,
			);
			name = Products;
			sourceTree = "<group>";
		};
		1023C8881F92281F00F4E141 /* Jenga */ = {
			isa = PBXGroup;
			children = (
				1023C8891F92281F00F4E141 /* AppDelegate.swift */,
				1023C88B1F92281F00F4E141 /* ViewController.swift */,
				1023C89B1F922B5300F4E141 /* Jenga.swift */,
				1023C88D1F92281F00F4E141 /* Main.storyboard */,
				1023C8901F92281F00F4E141 /* Assets.xcassets */,
				1023C8921F92281F00F4E141 /* LaunchScreen.storyboard */,
				1023C8951F92281F00F4E141 /* Info.plist */,
			);
			path = Jenga;
			sourceTree = "<group>";
		};
/* End PBXGroup section */

/* Begin PBXNativeTarget section */
		1023C8851F92281F00F4E141 /* Jenga */ = {
			isa = PBXNativeTarget;
			buildConfigurationList = 1023C8981F92281F00F4E141 /* Build configuration list for PBXNativeTarget "Jenga" */;
			buildPhases = (
				1023C8821F92281F00F4E141 /* Sources */,
				1023C8831F92281F00F4E141 /* Frameworks */,
				1023C8841F92281F00F4E141 /* Resources */,
			);
			buildRules = (
			);
			dependencies = (
			);
			name = Jenga;
			productName = Jenga;
			productReference = 1023C8861F92281F00F4E141 /* Jenga.app */;
			productType = "com.apple.product-type.application";
		};
/* End PBXNativeTarget section */

/* Begin PBXProject section */
		1023C87E1F92281F00F4E141 /* Project object */ = {
			isa = PBXProject;
			attributes = {
				LastSwiftUpdateCheck = 0900;
				LastUpgradeCheck = 0900;
				ORGANIZATIONNAME = "Sathyanarayanan V";
				TargetAttributes = {
					1023C8851F92281F00F4E141 = {
						CreatedOnToolsVersion = 9.0;
						ProvisioningStyle = Automatic;
					};
				};
			};
			buildConfigurationList = 1023C8811F92281F00F4E141 /* Build configuration list for PBXProject "Jenga" */;
			compatibilityVersion = "Xcode 8.0";
			developmentRegion = en;
			hasScannedForEncodings = 0;
			knownRegions = (
				en,
				Base,
			);
			mainGroup = 1023C87D1F92281F00F4E141;
			productRefGroup = 1023C8871F92281F00F4E141 /* Products */;
			projectDirPath = "";
			projectRoot = "";
			targets = (
				1023C8851F92281F00F4E141 /* Jenga */,
			);
		};
/* End PBXProject section */

/* Begin PBXResourcesBuildPhase section */
		1023C8841F92281F00F4E141 /* Resources */ = {
			isa = PBXResourcesBuildPhase;
			buildActionMask = 2147483647;
			files = (
				1023C8941F92281F00F4E141 /* LaunchScreen.storyboard in Resources */,
				1023C8911F92281F00F4E141 /* Assets.xcassets in Resources */,
				1023C88F1F92281F00F4E141 /* Main.storyboard in Resources */,
			);
			runOnlyForDeploymentPostprocessing = 0;
		};
/* End PBXResourcesBuildPhase section */

/* Begin PBXSourcesBuildPhase section */
		1023C8821F92281F00F4E141 /* Sources */ = {
			isa = PBXSourcesBuildPhase;
			buildActionMask = 2147483647;
			files = (
				1023C89C1F922B5300F4E141 /* Jenga.swift in Sources */,
				1023C88C1F92281F00F4E141 /* ViewController.swift in Sources */,
				1023C88A1F92281F00F4E141 /* AppDelegate.swift in Sources */,
			);
			runOnlyForDeploymentPostprocessing = 0;
		};
/* End PBXSourcesBuildPhase section */

/* Begin PBXVariantGroup section */
		1023C88D1F92281F00F4E141 /* Main.storyboard */ = {
			isa = PBXVariantGroup;
			children = (
				1023C88E1F92281F00F4E141 /* Base */,
			);
			name = Main.storyboard;
			sourceTree = "<group>";
		};
		1023C8921F92281F00F4E141 /* LaunchScreen.storyboard */ = {
			isa = PBXVariantGroup;
			children = (
				1023C8931F92281F00F4E141 /* Base */,
			);
			name = LaunchScreen.storyboard;
			sourceTree = "<group>";
		};
/* End PBXVariantGroup section */

/* Begin XCBuildConfiguration section */
		1023C8961F92281F00F4E141 /* Debug */ = {
			isa = XCBuildConfiguration;
			buildSettings = {
				ALWAYS_SEARCH_USER_PATHS = NO;
				CLANG_ANALYZER_NONNULL = YES;
				CLANG_ANALYZER_NUMBER_OBJECT_CONVERSION = YES_AGGRESSIVE;
				CLANG_CXX_LANGUAGE_STANDARD = "gnu++14";
				CLANG_CXX_LIBRARY = "libc++";
				CLANG_ENABLE_MODULES = YES;
				CLANG_ENABLE_OBJC_ARC = YES;
				CLANG_WARN_BLOCK_CAPTURE_AUTORELEASING = YES;
				CLANG_WARN_BOOL_CONVERSION = YES;
				CLANG_WARN_COMMA = YES;
				CLANG_WARN_CONSTANT_CONVERSION = YES;
				CLANG_WARN_DIRECT_OBJC_ISA_USAGE = YES_ERROR;
				CLANG_WARN_DOCUMENTATION_COMMENTS = YES;
				CLANG_WARN_EMPTY_BODY = YES;
				CLANG_WARN_ENUM_CONVERSION = YES;
				CLANG_WARN_INFINITE_RECURSION = YES;
				CLANG_WARN_INT_CONVERSION = YES;
				CLANG_WARN_NON_LITERAL_NULL_CONVERSION = YES;
				CLANG_WARN_OBJC_LITERAL_CONVERSION = YES;
				CLANG_WARN_OBJC_ROOT_CLASS = YES_ERROR;
				CLANG_WARN_RANGE_LOOP_ANALYSIS = YES;
				CLANG_WARN_STRICT_PROTOTYPES = YES;
				CLANG_WARN_SUSPICIOUS_MOVE = YES;
				CLANG_WARN_UNGUARDED_AVAILABILITY = YES_AGGRESSIVE;
				CLANG_WARN_UNREACHABLE_CODE = YES;
				CLANG_WARN__DUPLICATE_METHOD_MATCH = YES;
				CODE_SIGN_IDENTITY = "iPhone Developer";
				COPY_PHASE_STRIP = NO;
				DEBUG_INFORMATION_FORMAT = dwarf;
				ENABLE_STRICT_OBJC_MSGSEND = YES;
				ENABLE_TESTABILITY = YES;
				GCC_C_LANGUAGE_STANDARD = gnu11;
				GCC_DYNAMIC_NO_PIC = NO;
				GCC_NO_COMMON_BLOCKS = YES;
				GCC_OPTIMIZATION_LEVEL = 0;
				GCC_PREPROCESSOR_DEFINITIONS = (
					"DEBUG=1",
					"$(inherited)",
				);
				GCC_WARN_64_TO_32_BIT_CONVERSION = YES;
				GCC_WARN_ABOUT_RETURN_TYPE = YES_ERROR;
				GCC_WARN_UNDECLARED_SELECTOR = YES;
				GCC_WARN_UNINITIALIZED_AUTOS = YES_AGGRESSIVE;
				GCC_WARN_UNUSED_FUNCTION = YES;
				GCC_WARN_UNUSED_VARIABLE = YES;
				IPHONEOS_DEPLOYMENT_TARGET = 11.0;
				MTL_ENABLE_DEBUG_INFO = YES;
				ONLY_ACTIVE_ARCH = YES;
				SDKROOT = iphoneos;
				SWIFT_ACTIVE_COMPILATION_CONDITIONS = DEBUG;
				SWIFT_OPTIMIZATION_LEVEL = "-Onone";
			};
			name = Debug;
		};
		1023C8971F92281F00F4E141 /* Release */ = {
			isa = XCBuildConfiguration;
			buildSettings = {
				ALWAYS_SEARCH_USER_PATHS = NO;
				CLANG_ANALYZER_NONNULL = YES;
				CLANG_ANALYZER_NUMBER_OBJECT_CONVERSION = YES_AGGRESSIVE;
				CLANG_CXX_LANGUAGE_STANDARD = "gnu++14";
				CLANG_CXX_LIBRARY = "libc++";
				CLANG_ENABLE_MODULES = YES;
				CLANG_ENABLE_OBJC_ARC = YES;
				CLANG_WARN_BLOCK_CAPTURE_AUTORELEASING = YES;
				CLANG_WARN_BOOL_CONVERSION = YES;
				CLANG_WARN_COMMA = YES;
				CLANG_WARN_CONSTANT_CONVERSION = YES;
				CLANG_WARN_DIRECT_OBJC_ISA_USAGE = YES_ERROR;
				CLANG_WARN_DOCUMENTATION_COMMENTS = YES;
				CLANG_WARN_EMPTY_BODY = YES;
				CLANG_WARN_ENUM_CONVERSION = YES;
				CLANG_WARN_INFINITE_RECURSION = YES;
				CLANG_WARN_INT_CONVERSION = YES;
				CLANG_WARN_NON_LITERAL_NULL_CONVERSION = YES;
				CLANG_WARN_OBJC_LITERAL_CONVERSION = YES;
				CLANG_WARN_OBJC_ROOT_CLASS = YES_ERROR;
				CLANG_WARN_RANGE_LOOP_ANALYSIS = YES;
				CLANG_WARN_STRICT_PROTOTYPES = YES;
				CLANG_WARN_SUSPICIOUS_MOVE = YES;
				CLANG_WARN_UNGUARDED_AVAILABILITY = YES_AGGRESSIVE;
				CLANG_WARN_UNREACHABLE_CODE = YES;
				CLANG_WARN__DUPLICATE_METHOD_MATCH = YES;
				CODE_SIGN_IDENTITY = "iPhone Developer";
				COPY_PHASE_STRIP = NO;
				DEBUG_INFORMATION_FORMAT = "dwarf-with-dsym";
				ENABLE_NS_ASSERTIONS = NO;
				ENABLE_STRICT_OBJC_MSGSEND = YES;
				GCC_C_LANGUAGE_STANDARD = gnu11;
				GCC_NO_COMMON_BLOCKS = YES;
				GCC_WARN_64_TO_32_BIT_CONVERSION = YES;
				GCC_WARN_ABOUT_RETURN_TYPE = YES_ERROR;
				GCC_WARN_UNDECLARED_SELECTOR = YES;
				GCC_WARN_UNINITIALIZED_AUTOS = YES_AGGRESSIVE;
				GCC_WARN_UNUSED_FUNCTION = YES;
				GCC_WARN_UNUSED_VARIABLE = YES;
				IPHONEOS_DEPLOYMENT_TARGET = 11.0;
				MTL_ENABLE_DEBUG_INFO = NO;
				SDKROOT = iphoneos;
				SWIFT_OPTIMIZATION_LEVEL = "-Owholemodule";
				VALIDATE_PRODUCT = YES;
			};
			name = Release;
		};
		1023C8991F92281F00F4E141 /* Debug */ = {
			isa = XCBuildConfiguration;
			buildSettings = {
				ASSETCATALOG_COMPILER_APPICON_NAME = AppIcon;
				CODE_SIGN_STYLE = Automatic;
				DEVELOPMENT_TEAM = WDUHMEFR3L;
				INFOPLIST_FILE = Jenga/Info.plist;
				LD_RUNPATH_SEARCH_PATHS = "$(inherited) @executable_path/Frameworks";
				PRODUCT_BUNDLE_IDENTIFIER = com.books.sathya.Jengam;
				PRODUCT_NAME = "$(TARGET_NAME)";
				SWIFT_VERSION = 4.0;
				TARGETED_DEVICE_FAMILY = "1,2";
			};
			name = Debug;
		};
		1023C89A1F92281F00F4E141 /* Release */ = {
			isa = XCBuildConfiguration;
			buildSettings = {
				ASSETCATALOG_COMPILER_APPICON_NAME = AppIcon;
				CODE_SIGN_STYLE = Automatic;
				DEVELOPMENT_TEAM = WDUHMEFR3L;
				INFOPLIST_FILE = Jenga/Info.plist;
				LD_RUNPATH_SEARCH_PATHS = "$(inherited) @executable_path/Frameworks";
				PRODUCT_BUNDLE_IDENTIFIER = com.books.sathya.Jengam;
				PRODUCT_NAME = "$(TARGET_NAME)";
				SWIFT_VERSION = 4.0;
				TARGETED_DEVICE_FAMILY = "1,2";
			};
			name = Release;
		};
/* End XCBuildConfiguration section */

/* Begin XCConfigurationList section */
		1023C8811F92281F00F4E141 /* Build configuration list for PBXProject "Jenga" */ = {
			isa = XCConfigurationList;
			buildConfigurations = (
				1023C8961F92281F00F4E141 /* Debug */,
				1023C8971F92281F00F4E141 /* Release */,
			);
			defaultConfigurationIsVisible = 0;
			defaultConfigurationName = Release;
		};
		1023C8981F92281F00F4E141 /* Build configuration list for PBXNativeTarget "Jenga" */ = {
			isa = XCConfigurationList;
			buildConfigurations = (
				1023C8991F92281F00F4E141 /* Debug */,
				1023C89A1F92281F00F4E141 /* Release */,
			);
			defaultConfigurationIsVisible = 0;
			defaultConfigurationName = Release;
		};
/* End XCConfigurationList section */
	};
	rootObject = 1023C87E1F92281F00F4E141 /* Project object */;
}
